// !$*UTF8*$!
{
	archiveVersion = 1;
	classes = {
	};
	objectVersion = 50;
	objects = {

/* Begin PBXBuildFile section */
		3318BE1B05F18614201142ED /* Pods_HackatonForGoodTests.framework in Frameworks */ = {isa = PBXBuildFile; fileRef = 691032F9546CEF074BEBA044 /* Pods_HackatonForGoodTests.framework */; };
		8A45E5A1233B53C700EE191F /* AppDelegate.swift in Sources */ = {isa = PBXBuildFile; fileRef = 8A45E5A0233B53C700EE191F /* AppDelegate.swift */; };
		8A45E5A3233B53C700EE191F /* SceneDelegate.swift in Sources */ = {isa = PBXBuildFile; fileRef = 8A45E5A2233B53C700EE191F /* SceneDelegate.swift */; };
		8A45E5A5233B53C700EE191F /* LoginViewController.swift in Sources */ = {isa = PBXBuildFile; fileRef = 8A45E5A4233B53C700EE191F /* LoginViewController.swift */; };
		8A45E5A8233B53C700EE191F /* Main.storyboard in Resources */ = {isa = PBXBuildFile; fileRef = 8A45E5A6233B53C700EE191F /* Main.storyboard */; };
		8A45E5AA233B53C900EE191F /* Assets.xcassets in Resources */ = {isa = PBXBuildFile; fileRef = 8A45E5A9233B53C900EE191F /* Assets.xcassets */; };
		8A45E5AD233B53C900EE191F /* LaunchScreen.storyboard in Resources */ = {isa = PBXBuildFile; fileRef = 8A45E5AB233B53C900EE191F /* LaunchScreen.storyboard */; };
		8A45E5B8233B53C900EE191F /* HackatonForGoodTests.swift in Sources */ = {isa = PBXBuildFile; fileRef = 8A45E5B7233B53C900EE191F /* HackatonForGoodTests.swift */; };
		8A45E5C4233B811800EE191F /* EventViewController.swift in Sources */ = {isa = PBXBuildFile; fileRef = 8A45E5C3233B811800EE191F /* EventViewController.swift */; };
		8A45E5C6233B86A500EE191F /* MapViewController.swift in Sources */ = {isa = PBXBuildFile; fileRef = 8A45E5C5233B86A500EE191F /* MapViewController.swift */; };
		8A45E5CA233B92A500EE191F /* FeedTableViewCell.swift in Sources */ = {isa = PBXBuildFile; fileRef = 8A45E5C8233B92A500EE191F /* FeedTableViewCell.swift */; };
		8A45E5CB233B92A500EE191F /* FeedTableViewCell.xib in Resources */ = {isa = PBXBuildFile; fileRef = 8A45E5C9233B92A500EE191F /* FeedTableViewCell.xib */; };
		D509DF3FA7629074EE557456 /* Pods_HackatonForGood.framework in Frameworks */ = {isa = PBXBuildFile; fileRef = EC8588A719AE0280F306FB18 /* Pods_HackatonForGood.framework */; };
/* End PBXBuildFile section */

/* Begin PBXContainerItemProxy section */
		8A45E5B4233B53C900EE191F /* PBXContainerItemProxy */ = {
			isa = PBXContainerItemProxy;
			containerPortal = 8A45E595233B53C700EE191F /* Project object */;
			proxyType = 1;
			remoteGlobalIDString = 8A45E59C233B53C700EE191F;
			remoteInfo = HackatonForGood;
		};
/* End PBXContainerItemProxy section */

/* Begin PBXFileReference section */
		1A11E7D5301875189693589B /* Pods-HackatonForGood.release.xcconfig */ = {isa = PBXFileReference; includeInIndex = 1; lastKnownFileType = text.xcconfig; name = "Pods-HackatonForGood.release.xcconfig"; path = "Target Support Files/Pods-HackatonForGood/Pods-HackatonForGood.release.xcconfig"; sourceTree = "<group>"; };
		37A84CAE2EAF434025023178 /* Pods-HackatonForGoodTests.release.xcconfig */ = {isa = PBXFileReference; includeInIndex = 1; lastKnownFileType = text.xcconfig; name = "Pods-HackatonForGoodTests.release.xcconfig"; path = "Target Support Files/Pods-HackatonForGoodTests/Pods-HackatonForGoodTests.release.xcconfig"; sourceTree = "<group>"; };
		534A8CF7AAF9A89CA5F04645 /* Pods-HackatonForGoodTests.debug.xcconfig */ = {isa = PBXFileReference; includeInIndex = 1; lastKnownFileType = text.xcconfig; name = "Pods-HackatonForGoodTests.debug.xcconfig"; path = "Target Support Files/Pods-HackatonForGoodTests/Pods-HackatonForGoodTests.debug.xcconfig"; sourceTree = "<group>"; };
		691032F9546CEF074BEBA044 /* Pods_HackatonForGoodTests.framework */ = {isa = PBXFileReference; explicitFileType = wrapper.framework; includeInIndex = 0; path = Pods_HackatonForGoodTests.framework; sourceTree = BUILT_PRODUCTS_DIR; };
		8A45E59D233B53C700EE191F /* HackatonForGood.app */ = {isa = PBXFileReference; explicitFileType = wrapper.application; includeInIndex = 0; path = HackatonForGood.app; sourceTree = BUILT_PRODUCTS_DIR; };
		8A45E5A0233B53C700EE191F /* AppDelegate.swift */ = {isa = PBXFileReference; lastKnownFileType = sourcecode.swift; path = AppDelegate.swift; sourceTree = "<group>"; };
		8A45E5A2233B53C700EE191F /* SceneDelegate.swift */ = {isa = PBXFileReference; lastKnownFileType = sourcecode.swift; path = SceneDelegate.swift; sourceTree = "<group>"; };
		8A45E5A4233B53C700EE191F /* LoginViewController.swift */ = {isa = PBXFileReference; lastKnownFileType = sourcecode.swift; path = LoginViewController.swift; sourceTree = "<group>"; };
		8A45E5A7233B53C700EE191F /* Base */ = {isa = PBXFileReference; lastKnownFileType = file.storyboard; name = Base; path = Base.lproj/Main.storyboard; sourceTree = "<group>"; };
		8A45E5A9233B53C900EE191F /* Assets.xcassets */ = {isa = PBXFileReference; lastKnownFileType = folder.assetcatalog; path = Assets.xcassets; sourceTree = "<group>"; };
		8A45E5AC233B53C900EE191F /* Base */ = {isa = PBXFileReference; lastKnownFileType = file.storyboard; name = Base; path = Base.lproj/LaunchScreen.storyboard; sourceTree = "<group>"; };
		8A45E5AE233B53C900EE191F /* Info.plist */ = {isa = PBXFileReference; lastKnownFileType = text.plist.xml; path = Info.plist; sourceTree = "<group>"; };
		8A45E5B3233B53C900EE191F /* HackatonForGoodTests.xctest */ = {isa = PBXFileReference; explicitFileType = wrapper.cfbundle; includeInIndex = 0; path = HackatonForGoodTests.xctest; sourceTree = BUILT_PRODUCTS_DIR; };
		8A45E5B7233B53C900EE191F /* HackatonForGoodTests.swift */ = {isa = PBXFileReference; lastKnownFileType = sourcecode.swift; path = HackatonForGoodTests.swift; sourceTree = "<group>"; };
		8A45E5B9233B53C900EE191F /* Info.plist */ = {isa = PBXFileReference; lastKnownFileType = text.plist.xml; path = Info.plist; sourceTree = "<group>"; };
		8A45E5C3233B811800EE191F /* EventViewController.swift */ = {isa = PBXFileReference; lastKnownFileType = sourcecode.swift; path = EventViewController.swift; sourceTree = "<group>"; };
		8A45E5C5233B86A500EE191F /* MapViewController.swift */ = {isa = PBXFileReference; lastKnownFileType = sourcecode.swift; path = MapViewController.swift; sourceTree = "<group>"; };
		8A45E5C8233B92A500EE191F /* FeedTableViewCell.swift */ = {isa = PBXFileReference; lastKnownFileType = sourcecode.swift; path = FeedTableViewCell.swift; sourceTree = "<group>"; };
		8A45E5C9233B92A500EE191F /* FeedTableViewCell.xib */ = {isa = PBXFileReference; lastKnownFileType = file.xib; path = FeedTableViewCell.xib; sourceTree = "<group>"; };
		A1A60C58211FF84B86056C31 /* Pods-HackatonForGood.debug.xcconfig */ = {isa = PBXFileReference; includeInIndex = 1; lastKnownFileType = text.xcconfig; name = "Pods-HackatonForGood.debug.xcconfig"; path = "Target Support Files/Pods-HackatonForGood/Pods-HackatonForGood.debug.xcconfig"; sourceTree = "<group>"; };
		EC8588A719AE0280F306FB18 /* Pods_HackatonForGood.framework */ = {isa = PBXFileReference; explicitFileType = wrapper.framework; includeInIndex = 0; path = Pods_HackatonForGood.framework; sourceTree = BUILT_PRODUCTS_DIR; };
/* End PBXFileReference section */

/* Begin PBXFrameworksBuildPhase section */
		8A45E59A233B53C700EE191F /* Frameworks */ = {
			isa = PBXFrameworksBuildPhase;
			buildActionMask = 2147483647;
			files = (
				D509DF3FA7629074EE557456 /* Pods_HackatonForGood.framework in Frameworks */,
			);
			runOnlyForDeploymentPostprocessing = 0;
		};
		8A45E5B0233B53C900EE191F /* Frameworks */ = {
			isa = PBXFrameworksBuildPhase;
			buildActionMask = 2147483647;
			files = (
				3318BE1B05F18614201142ED /* Pods_HackatonForGoodTests.framework in Frameworks */,
			);
			runOnlyForDeploymentPostprocessing = 0;
		};
/* End PBXFrameworksBuildPhase section */

/* Begin PBXGroup section */
		8A45E594233B53C700EE191F = {
			isa = PBXGroup;
			children = (
				8A45E59F233B53C700EE191F /* HackatonForGood */,
				8A45E5B6233B53C900EE191F /* HackatonForGoodTests */,
				8A45E59E233B53C700EE191F /* Products */,
				CD3F94454164A35153947D80 /* Pods */,
				AE1033DE455ACC486051EAD7 /* Frameworks */,
			);
			sourceTree = "<group>";
		};
		8A45E59E233B53C700EE191F /* Products */ = {
			isa = PBXGroup;
			children = (
				8A45E59D233B53C700EE191F /* HackatonForGood.app */,
				8A45E5B3233B53C900EE191F /* HackatonForGoodTests.xctest */,
			);
			name = Products;
			sourceTree = "<group>";
		};
		8A45E59F233B53C700EE191F /* HackatonForGood */ = {
			isa = PBXGroup;
			children = (
				8A45E5A0233B53C700EE191F /* AppDelegate.swift */,
				8A45E5A2233B53C700EE191F /* SceneDelegate.swift */,
				8A45E5C2233B80E800EE191F /* ViewControllers */,
				8A45E5C7233B924E00EE191F /* Cells */,
				8A45E5A6233B53C700EE191F /* Main.storyboard */,
				8A45E5A9233B53C900EE191F /* Assets.xcassets */,
				8A45E5AB233B53C900EE191F /* LaunchScreen.storyboard */,
				8A45E5AE233B53C900EE191F /* Info.plist */,
			);
			path = HackatonForGood;
			sourceTree = "<group>";
		};
		8A45E5B6233B53C900EE191F /* HackatonForGoodTests */ = {
			isa = PBXGroup;
			children = (
				8A45E5B7233B53C900EE191F /* HackatonForGoodTests.swift */,
				8A45E5B9233B53C900EE191F /* Info.plist */,
			);
			path = HackatonForGoodTests;
			sourceTree = "<group>";
		};
		8A45E5C2233B80E800EE191F /* ViewControllers */ = {
			isa = PBXGroup;
			children = (
				8A45E5A4233B53C700EE191F /* LoginViewController.swift */,
				8A45E5C3233B811800EE191F /* EventViewController.swift */,
				8A45E5C5233B86A500EE191F /* MapViewController.swift */,
			);
			path = ViewControllers;
			sourceTree = "<group>";
		};
		8A45E5C7233B924E00EE191F /* Cells */ = {
			isa = PBXGroup;
			children = (
				8A45E5C8233B92A500EE191F /* FeedTableViewCell.swift */,
				8A45E5C9233B92A500EE191F /* FeedTableViewCell.xib */,
			);
			path = Cells;
			sourceTree = "<group>";
		};
		AE1033DE455ACC486051EAD7 /* Frameworks */ = {
			isa = PBXGroup;
			children = (
				EC8588A719AE0280F306FB18 /* Pods_HackatonForGood.framework */,
				691032F9546CEF074BEBA044 /* Pods_HackatonForGoodTests.framework */,
			);
			name = Frameworks;
			sourceTree = "<group>";
		};
		CD3F94454164A35153947D80 /* Pods */ = {
			isa = PBXGroup;
			children = (
				A1A60C58211FF84B86056C31 /* Pods-HackatonForGood.debug.xcconfig */,
				1A11E7D5301875189693589B /* Pods-HackatonForGood.release.xcconfig */,
				534A8CF7AAF9A89CA5F04645 /* Pods-HackatonForGoodTests.debug.xcconfig */,
				37A84CAE2EAF434025023178 /* Pods-HackatonForGoodTests.release.xcconfig */,
			);
			path = Pods;
			sourceTree = "<group>";
		};
/* End PBXGroup section */

/* Begin PBXNativeTarget section */
		8A45E59C233B53C700EE191F /* HackatonForGood */ = {
			isa = PBXNativeTarget;
			buildConfigurationList = 8A45E5BC233B53C900EE191F /* Build configuration list for PBXNativeTarget "HackatonForGood" */;
			buildPhases = (
				EDB71F1A749F1047E369AE5B /* [CP] Check Pods Manifest.lock */,
				8A45E599233B53C700EE191F /* Sources */,
				8A45E59A233B53C700EE191F /* Frameworks */,
				8A45E59B233B53C700EE191F /* Resources */,
			);
			buildRules = (
			);
			dependencies = (
			);
			name = HackatonForGood;
			productName = HackatonForGood;
			productReference = 8A45E59D233B53C700EE191F /* HackatonForGood.app */;
			productType = "com.apple.product-type.application";
		};
		8A45E5B2233B53C900EE191F /* HackatonForGoodTests */ = {
			isa = PBXNativeTarget;
			buildConfigurationList = 8A45E5BF233B53C900EE191F /* Build configuration list for PBXNativeTarget "HackatonForGoodTests" */;
			buildPhases = (
				C9391073623B100363FB14B1 /* [CP] Check Pods Manifest.lock */,
				8A45E5AF233B53C900EE191F /* Sources */,
				8A45E5B0233B53C900EE191F /* Frameworks */,
				8A45E5B1233B53C900EE191F /* Resources */,
			);
			buildRules = (
			);
			dependencies = (
				8A45E5B5233B53C900EE191F /* PBXTargetDependency */,
			);
			name = HackatonForGoodTests;
			productName = HackatonForGoodTests;
			productReference = 8A45E5B3233B53C900EE191F /* HackatonForGoodTests.xctest */;
			productType = "com.apple.product-type.bundle.unit-test";
		};
/* End PBXNativeTarget section */

/* Begin PBXProject section */
		8A45E595233B53C700EE191F /* Project object */ = {
			isa = PBXProject;
			attributes = {
				LastSwiftUpdateCheck = 1100;
				LastUpgradeCheck = 1100;
				ORGANIZATIONNAME = "Seto Elkahfi";
				TargetAttributes = {
					8A45E59C233B53C700EE191F = {
						CreatedOnToolsVersion = 11.0;
					};
					8A45E5B2233B53C900EE191F = {
						CreatedOnToolsVersion = 11.0;
						TestTargetID = 8A45E59C233B53C700EE191F;
					};
				};
			};
			buildConfigurationList = 8A45E598233B53C700EE191F /* Build configuration list for PBXProject "HackatonForGood" */;
			compatibilityVersion = "Xcode 9.3";
			developmentRegion = en;
			hasScannedForEncodings = 0;
			knownRegions = (
				en,
				Base,
			);
			mainGroup = 8A45E594233B53C700EE191F;
			productRefGroup = 8A45E59E233B53C700EE191F /* Products */;
			projectDirPath = "";
			projectRoot = "";
			targets = (
				8A45E59C233B53C700EE191F /* HackatonForGood */,
				8A45E5B2233B53C900EE191F /* HackatonForGoodTests */,
			);
		};
/* End PBXProject section */

/* Begin PBXResourcesBuildPhase section */
		8A45E59B233B53C700EE191F /* Resources */ = {
			isa = PBXResourcesBuildPhase;
			buildActionMask = 2147483647;
			files = (
				8A45E5AD233B53C900EE191F /* LaunchScreen.storyboard in Resources */,
				8A45E5CB233B92A500EE191F /* FeedTableViewCell.xib in Resources */,
				8A45E5AA233B53C900EE191F /* Assets.xcassets in Resources */,
				8A45E5A8233B53C700EE191F /* Main.storyboard in Resources */,
			);
			runOnlyForDeploymentPostprocessing = 0;
		};
		8A45E5B1233B53C900EE191F /* Resources */ = {
			isa = PBXResourcesBuildPhase;
			buildActionMask = 2147483647;
			files = (
			);
			runOnlyForDeploymentPostprocessing = 0;
		};
/* End PBXResourcesBuildPhase section */

/* Begin PBXShellScriptBuildPhase section */
		C9391073623B100363FB14B1 /* [CP] Check Pods Manifest.lock */ = {
			isa = PBXShellScriptBuildPhase;
			buildActionMask = 2147483647;
			files = (
			);
			inputFileListPaths = (
			);
			inputPaths = (
				"${PODS_PODFILE_DIR_PATH}/Podfile.lock",
				"${PODS_ROOT}/Manifest.lock",
			);
			name = "[CP] Check Pods Manifest.lock";
			outputFileListPaths = (
			);
			outputPaths = (
				"$(DERIVED_FILE_DIR)/Pods-HackatonForGoodTests-checkManifestLockResult.txt",
			);
			runOnlyForDeploymentPostprocessing = 0;
			shellPath = /bin/sh;
			shellScript = "diff \"${PODS_PODFILE_DIR_PATH}/Podfile.lock\" \"${PODS_ROOT}/Manifest.lock\" > /dev/null\nif [ $? != 0 ] ; then\n    # print error to STDERR\n    echo \"error: The sandbox is not in sync with the Podfile.lock. Run 'pod install' or update your CocoaPods installation.\" >&2\n    exit 1\nfi\n# This output is used by Xcode 'outputs' to avoid re-running this script phase.\necho \"SUCCESS\" > \"${SCRIPT_OUTPUT_FILE_0}\"\n";
			showEnvVarsInLog = 0;
		};
		EDB71F1A749F1047E369AE5B /* [CP] Check Pods Manifest.lock */ = {
			isa = PBXShellScriptBuildPhase;
			buildActionMask = 2147483647;
			files = (
			);
			inputFileListPaths = (
			);
			inputPaths = (
				"${PODS_PODFILE_DIR_PATH}/Podfile.lock",
				"${PODS_ROOT}/Manifest.lock",
			);
			name = "[CP] Check Pods Manifest.lock";
			outputFileListPaths = (
			);
			outputPaths = (
				"$(DERIVED_FILE_DIR)/Pods-HackatonForGood-checkManifestLockResult.txt",
			);
			runOnlyForDeploymentPostprocessing = 0;
			shellPath = /bin/sh;
			shellScript = "diff \"${PODS_PODFILE_DIR_PATH}/Podfile.lock\" \"${PODS_ROOT}/Manifest.lock\" > /dev/null\nif [ $? != 0 ] ; then\n    # print error to STDERR\n    echo \"error: The sandbox is not in sync with the Podfile.lock. Run 'pod install' or update your CocoaPods installation.\" >&2\n    exit 1\nfi\n# This output is used by Xcode 'outputs' to avoid re-running this script phase.\necho \"SUCCESS\" > \"${SCRIPT_OUTPUT_FILE_0}\"\n";
			showEnvVarsInLog = 0;
		};
/* End PBXShellScriptBuildPhase section */

/* Begin PBXSourcesBuildPhase section */
		8A45E599233B53C700EE191F /* Sources */ = {
			isa = PBXSourcesBuildPhase;
			buildActionMask = 2147483647;
			files = (
				8A45E5A5233B53C700EE191F /* LoginViewController.swift in Sources */,
				8A45E5CA233B92A500EE191F /* FeedTableViewCell.swift in Sources */,
				8A45E5C4233B811800EE191F /* EventViewController.swift in Sources */,
				8A45E5A1233B53C700EE191F /* AppDelegate.swift in Sources */,
				8A45E5C6233B86A500EE191F /* MapViewController.swift in Sources */,
				8A45E5A3233B53C700EE191F /* SceneDelegate.swift in Sources */,
			);
			runOnlyForDeploymentPostprocessing = 0;
		};
		8A45E5AF233B53C900EE191F /* Sources */ = {
			isa = PBXSourcesBuildPhase;
			buildActionMask = 2147483647;
			files = (
				8A45E5B8233B53C900EE191F /* HackatonForGoodTests.swift in Sources */,
			);
			runOnlyForDeploymentPostprocessing = 0;
		};
/* End PBXSourcesBuildPhase section */

/* Begin PBXTargetDependency section */
		8A45E5B5233B53C900EE191F /* PBXTargetDependency */ = {
			isa = PBXTargetDependency;
			target = 8A45E59C233B53C700EE191F /* HackatonForGood */;
			targetProxy = 8A45E5B4233B53C900EE191F /* PBXContainerItemProxy */;
		};
/* End PBXTargetDependency section */

/* Begin PBXVariantGroup section */
		8A45E5A6233B53C700EE191F /* Main.storyboard */ = {
			isa = PBXVariantGroup;
			children = (
				8A45E5A7233B53C700EE191F /* Base */,
			);
			name = Main.storyboard;
			sourceTree = "<group>";
		};
		8A45E5AB233B53C900EE191F /* LaunchScreen.storyboard */ = {
			isa = PBXVariantGroup;
			children = (
				8A45E5AC233B53C900EE191F /* Base */,
			);
			name = LaunchScreen.storyboard;
			sourceTree = "<group>";
		};
/* End PBXVariantGroup section */

/* Begin XCBuildConfiguration section */
		8A45E5BA233B53C900EE191F /* Debug */ = {
			isa = XCBuildConfiguration;
			buildSettings = {
				ALWAYS_SEARCH_USER_PATHS = NO;
				CLANG_ANALYZER_NONNULL = YES;
				CLANG_ANALYZER_NUMBER_OBJECT_CONVERSION = YES_AGGRESSIVE;
				CLANG_CXX_LANGUAGE_STANDARD = "gnu++14";
				CLANG_CXX_LIBRARY = "libc++";
				CLANG_ENABLE_MODULES = YES;
				CLANG_ENABLE_OBJC_ARC = YES;
				CLANG_ENABLE_OBJC_WEAK = YES;
				CLANG_WARN_BLOCK_CAPTURE_AUTORELEASING = YES;
				CLANG_WARN_BOOL_CONVERSION = YES;
				CLANG_WARN_COMMA = YES;
				CLANG_WARN_CONSTANT_CONVERSION = YES;
				CLANG_WARN_DEPRECATED_OBJC_IMPLEMENTATIONS = YES;
				CLANG_WARN_DIRECT_OBJC_ISA_USAGE = YES_ERROR;
				CLANG_WARN_DOCUMENTATION_COMMENTS = YES;
				CLANG_WARN_EMPTY_BODY = YES;
				CLANG_WARN_ENUM_CONVERSION = YES;
				CLANG_WARN_INFINITE_RECURSION = YES;
				CLANG_WARN_INT_CONVERSION = YES;
				CLANG_WARN_NON_LITERAL_NULL_CONVERSION = YES;
				CLANG_WARN_OBJC_IMPLICIT_RETAIN_SELF = YES;
				CLANG_WARN_OBJC_LITERAL_CONVERSION = YES;
				CLANG_WARN_OBJC_ROOT_CLASS = YES_ERROR;
				CLANG_WARN_RANGE_LOOP_ANALYSIS = YES;
				CLANG_WARN_STRICT_PROTOTYPES = YES;
				CLANG_WARN_SUSPICIOUS_MOVE = YES;
				CLANG_WARN_UNGUARDED_AVAILABILITY = YES_AGGRESSIVE;
				CLANG_WARN_UNREACHABLE_CODE = YES;
				CLANG_WARN__DUPLICATE_METHOD_MATCH = YES;
				COPY_PHASE_STRIP = NO;
				DEBUG_INFORMATION_FORMAT = dwarf;
				ENABLE_STRICT_OBJC_MSGSEND = YES;
				ENABLE_TESTABILITY = YES;
				GCC_C_LANGUAGE_STANDARD = gnu11;
				GCC_DYNAMIC_NO_PIC = NO;
				GCC_NO_COMMON_BLOCKS = YES;
				GCC_OPTIMIZATION_LEVEL = 0;
				GCC_PREPROCESSOR_DEFINITIONS = (
					"DEBUG=1",
					"$(inherited)",
				);
				GCC_WARN_64_TO_32_BIT_CONVERSION = YES;
				GCC_WARN_ABOUT_RETURN_TYPE = YES_ERROR;
				GCC_WARN_UNDECLARED_SELECTOR = YES;
				GCC_WARN_UNINITIALIZED_AUTOS = YES_AGGRESSIVE;
				GCC_WARN_UNUSED_FUNCTION = YES;
				GCC_WARN_UNUSED_VARIABLE = YES;
				IPHONEOS_DEPLOYMENT_TARGET = 13.0;
				MTL_ENABLE_DEBUG_INFO = INCLUDE_SOURCE;
				MTL_FAST_MATH = YES;
				ONLY_ACTIVE_ARCH = YES;
				SDKROOT = iphoneos;
				SWIFT_ACTIVE_COMPILATION_CONDITIONS = DEBUG;
				SWIFT_OPTIMIZATION_LEVEL = "-Onone";
			};
			name = Debug;
		};
		8A45E5BB233B53C900EE191F /* Release */ = {
			isa = XCBuildConfiguration;
			buildSettings = {
				ALWAYS_SEARCH_USER_PATHS = NO;
				CLANG_ANALYZER_NONNULL = YES;
				CLANG_ANALYZER_NUMBER_OBJECT_CONVERSION = YES_AGGRESSIVE;
				CLANG_CXX_LANGUAGE_STANDARD = "gnu++14";
				CLANG_CXX_LIBRARY = "libc++";
				CLANG_ENABLE_MODULES = YES;
				CLANG_ENABLE_OBJC_ARC = YES;
				CLANG_ENABLE_OBJC_WEAK = YES;
				CLANG_WARN_BLOCK_CAPTURE_AUTORELEASING = YES;
				CLANG_WARN_BOOL_CONVERSION = YES;
				CLANG_WARN_COMMA = YES;
				CLANG_WARN_CONSTANT_CONVERSION = YES;
				CLANG_WARN_DEPRECATED_OBJC_IMPLEMENTATIONS = YES;
				CLANG_WARN_DIRECT_OBJC_ISA_USAGE = YES_ERROR;
				CLANG_WARN_DOCUMENTATION_COMMENTS = YES;
				CLANG_WARN_EMPTY_BODY = YES;
				CLANG_WARN_ENUM_CONVERSION = YES;
				CLANG_WARN_INFINITE_RECURSION = YES;
				CLANG_WARN_INT_CONVERSION = YES;
				CLANG_WARN_NON_LITERAL_NULL_CONVERSION = YES;
				CLANG_WARN_OBJC_IMPLICIT_RETAIN_SELF = YES;
				CLANG_WARN_OBJC_LITERAL_CONVERSION = YES;
				CLANG_WARN_OBJC_ROOT_CLASS = YES_ERROR;
				CLANG_WARN_RANGE_LOOP_ANALYSIS = YES;
				CLANG_WARN_STRICT_PROTOTYPES = YES;
				CLANG_WARN_SUSPICIOUS_MOVE = YES;
				CLANG_WARN_UNGUARDED_AVAILABILITY = YES_AGGRESSIVE;
				CLANG_WARN_UNREACHABLE_CODE = YES;
				CLANG_WARN__DUPLICATE_METHOD_MATCH = YES;
				COPY_PHASE_STRIP = NO;
				DEBUG_INFORMATION_FORMAT = "dwarf-with-dsym";
				ENABLE_NS_ASSERTIONS = NO;
				ENABLE_STRICT_OBJC_MSGSEND = YES;
				GCC_C_LANGUAGE_STANDARD = gnu11;
				GCC_NO_COMMON_BLOCKS = YES;
				GCC_WARN_64_TO_32_BIT_CONVERSION = YES;
				GCC_WARN_ABOUT_RETURN_TYPE = YES_ERROR;
				GCC_WARN_UNDECLARED_SELECTOR = YES;
				GCC_WARN_UNINITIALIZED_AUTOS = YES_AGGRESSIVE;
				GCC_WARN_UNUSED_FUNCTION = YES;
				GCC_WARN_UNUSED_VARIABLE = YES;
				IPHONEOS_DEPLOYMENT_TARGET = 13.0;
				MTL_ENABLE_DEBUG_INFO = NO;
				MTL_FAST_MATH = YES;
				SDKROOT = iphoneos;
				SWIFT_COMPILATION_MODE = wholemodule;
				SWIFT_OPTIMIZATION_LEVEL = "-O";
				VALIDATE_PRODUCT = YES;
			};
			name = Release;
		};
		8A45E5BD233B53C900EE191F /* Debug */ = {
			isa = XCBuildConfiguration;
			baseConfigurationReference = A1A60C58211FF84B86056C31 /* Pods-HackatonForGood.debug.xcconfig */;
			buildSettings = {
				ASSETCATALOG_COMPILER_APPICON_NAME = AppIcon;
				CODE_SIGN_STYLE = Automatic;
				INFOPLIST_FILE = HackatonForGood/Info.plist;
				LD_RUNPATH_SEARCH_PATHS = (
					"$(inherited)",
					"@executable_path/Frameworks",
				);
				PRODUCT_BUNDLE_IDENTIFIER = hackatonforgoodteam1.com.HackatonForGood;
				PRODUCT_NAME = "$(TARGET_NAME)";
				SWIFT_VERSION = 5.0;
				TARGETED_DEVICE_FAMILY = "1,2";
			};
			name = Debug;
		};
		8A45E5BE233B53C900EE191F /* Release */ = {
			isa = XCBuildConfiguration;
			baseConfigurationReference = 1A11E7D5301875189693589B /* Pods-HackatonForGood.release.xcconfig */;
			buildSettings = {
				ASSETCATALOG_COMPILER_APPICON_NAME = AppIcon;
				CODE_SIGN_STYLE = Automatic;
				INFOPLIST_FILE = HackatonForGood/Info.plist;
				LD_RUNPATH_SEARCH_PATHS = (
					"$(inherited)",
					"@executable_path/Frameworks",
				);
				PRODUCT_BUNDLE_IDENTIFIER = hackatonforgoodteam1.com.HackatonForGood;
				PRODUCT_NAME = "$(TARGET_NAME)";
				SWIFT_VERSION = 5.0;
				TARGETED_DEVICE_FAMILY = "1,2";
			};
			name = Release;
		};
		8A45E5C0233B53C900EE191F /* Debug */ = {
			isa = XCBuildConfiguration;
			baseConfigurationReference = 534A8CF7AAF9A89CA5F04645 /* Pods-HackatonForGoodTests.debug.xcconfig */;
			buildSettings = {
				ALWAYS_EMBED_SWIFT_STANDARD_LIBRARIES = YES;
				BUNDLE_LOADER = "$(TEST_HOST)";
				CODE_SIGN_STYLE = Automatic;
				INFOPLIST_FILE = HackatonForGoodTests/Info.plist;
				IPHONEOS_DEPLOYMENT_TARGET = 13.0;
				LD_RUNPATH_SEARCH_PATHS = (
					"$(inherited)",
					"@executable_path/Frameworks",
					"@loader_path/Frameworks",
				);
				PRODUCT_BUNDLE_IDENTIFIER = hackatonforgoodteam1.com.HackatonForGoodTests;
				PRODUCT_NAME = "$(TARGET_NAME)";
				SWIFT_VERSION = 5.0;
				TARGETED_DEVICE_FAMILY = "1,2";
				TEST_HOST = "$(BUILT_PRODUCTS_DIR)/HackatonForGood.app/HackatonForGood";
			};
			name = Debug;
		};
		8A45E5C1233B53C900EE191F /* Release */ = {
			isa = XCBuildConfiguration;
			baseConfigurationReference = 37A84CAE2EAF434025023178 /* Pods-HackatonForGoodTests.release.xcconfig */;
			buildSettings = {
				ALWAYS_EMBED_SWIFT_STANDARD_LIBRARIES = YES;
				BUNDLE_LOADER = "$(TEST_HOST)";
				CODE_SIGN_STYLE = Automatic;
				INFOPLIST_FILE = HackatonForGoodTests/Info.plist;
				IPHONEOS_DEPLOYMENT_TARGET = 13.0;
				LD_RUNPATH_SEARCH_PATHS = (
					"$(inherited)",
					"@executable_path/Frameworks",
					"@loader_path/Frameworks",
				);
				PRODUCT_BUNDLE_IDENTIFIER = hackatonforgoodteam1.com.HackatonForGoodTests;
				PRODUCT_NAME = "$(TARGET_NAME)";
				SWIFT_VERSION = 5.0;
				TARGETED_DEVICE_FAMILY = "1,2";
				TEST_HOST = "$(BUILT_PRODUCTS_DIR)/HackatonForGood.app/HackatonForGood";
			};
			name = Release;
		};
/* End XCBuildConfiguration section */

/* Begin XCConfigurationList section */
		8A45E598233B53C700EE191F /* Build configuration list for PBXProject "HackatonForGood" */ = {
			isa = XCConfigurationList;
			buildConfigurations = (
				8A45E5BA233B53C900EE191F /* Debug */,
				8A45E5BB233B53C900EE191F /* Release */,
			);
			defaultConfigurationIsVisible = 0;
			defaultConfigurationName = Release;
		};
		8A45E5BC233B53C900EE191F /* Build configuration list for PBXNativeTarget "HackatonForGood" */ = {
			isa = XCConfigurationList;
			buildConfigurations = (
				8A45E5BD233B53C900EE191F /* Debug */,
				8A45E5BE233B53C900EE191F /* Release */,
			);
			defaultConfigurationIsVisible = 0;
			defaultConfigurationName = Release;
		};
		8A45E5BF233B53C900EE191F /* Build configuration list for PBXNativeTarget "HackatonForGoodTests" */ = {
			isa = XCConfigurationList;
			buildConfigurations = (
				8A45E5C0233B53C900EE191F /* Debug */,
				8A45E5C1233B53C900EE191F /* Release */,
			);
			defaultConfigurationIsVisible = 0;
			defaultConfigurationName = Release;
		};
/* End XCConfigurationList section */
	};
	rootObject = 8A45E595233B53C700EE191F /* Project object */;
}
